<?xml version="1.0" encoding="utf-8"?>
<Project ToolsVersion="4.0" xmlns="http://schemas.microsoft.com/developer/msbuild/2003">
  <ItemGroup>
    <Filter Include="Source Files">
      <UniqueIdentifier>{4FC737F1-C7A5-4376-A066-2A32D752A2FF}</UniqueIdentifier>
      <Extensions>cpp;c;cc;cxx;def;odl;idl;hpj;bat;asm;asmx</Extensions>
    </Filter>
    <Filter Include="Header Files">
      <UniqueIdentifier>{93995380-89BD-4b04-88EB-625FBE52EBFB}</UniqueIdentifier>
      <Extensions>h;hh;hpp;hxx;hm;inl;inc;xsd</Extensions>
    </Filter>
    <Filter Include="Resource Files">
      <UniqueIdentifier>{67DA6AB6-F800-4c08-8B7A-83BB121AAD01}</UniqueIdentifier>
      <Extensions>rc;ico;cur;bmp;dlg;rc2;rct;bin;rgs;gif;jpg;jpeg;jpe;resx;tiff;tif;png;wav</Extensions>
    </Filter>
  </ItemGroup>
  <ItemGroup>
    <ClCompile Include="2-1.arr1.cpp">
      <Filter>Source Files</Filter>
    </ClCompile>
    <ClCompile Include="2-10.array_pointer.cpp">
      <Filter>Source Files</Filter>
    </ClCompile>
    <ClCompile Include="2-11.ragged.cpp">
      <Filter>Source Files</Filter>
    </ClCompile>
    <ClCompile Include="2-12.char2.cpp">
      <Filter>Source Files</Filter>
    </ClCompile>
    <ClCompile Include="2-13.typedef1.cpp">
      <Filter>Source Files</Filter>
    </ClCompile>
    <ClCompile Include="2-14.file.cpp">
      <Filter>Source Files</Filter>
    </ClCompile>
    <ClCompile Include="2-2.pointerArray.cpp">
      <Filter>Source Files</Filter>
    </ClCompile>
    <ClCompile Include="2-3.pointer_2dimensionArray.cpp">
      <Filter>Source Files</Filter>
    </ClCompile>
    <ClCompile Include="2-4.pointer_array.cpp">
      <Filter>Source Files</Filter>
    </ClCompile>
    <ClCompile Include="2-5.arr2.cpp">
      <Filter>Source Files</Filter>
    </ClCompile>
    <ClCompile Include="2-6.arr3.cpp">
      <Filter>Source Files</Filter>
    </ClCompile>
    <ClCompile Include="2-7.arr4.cpp">
      <Filter>Source Files</Filter>
    </ClCompile>
    <ClCompile Include="2-8..increase.cpp">
      <Filter>Source Files</Filter>
    </ClCompile>
    <ClCompile Include="2-9.minInteger.cpp">
      <Filter>Source Files</Filter>
    </ClCompile>
    <ClCompile Include="2장-1.reference.cpp">
      <Filter>Source Files</Filter>
    </ClCompile>
    <ClCompile Include="2장-2.array.cpp">
      <Filter>Source Files</Filter>
    </ClCompile>
    <ClCompile Include="2장-3.array_pointer.cpp">
      <Filter>Source Files</Filter>
    </ClCompile>
    <ClCompile Include="2장-4.function.cpp">
      <Filter>Source Files</Filter>
    </ClCompile>
    <ClCompile Include="2장-5.swap.cpp">
      <Filter>Source Files</Filter>
    </ClCompile>
    <ClCompile Include="2장-6.swap2.cpp">
      <Filter>Source Files</Filter>
    </ClCompile>
    <ClCompile Include="2장-7.static.cpp">
      <Filter>Source Files</Filter>
    </ClCompile>
    <ClCompile Include="2장-8.char_array.cpp">
      <Filter>Source Files</Filter>
    </ClCompile>
    <ClCompile Include="2장-9.typedef2.cpp">
      <Filter>Source Files</Filter>
    </ClCompile>
  </ItemGroup>
</Project>